
Microsoft Visual Studio Solution File, Format Version 12.00
# Visual Studio Version 16
VisualStudioVersion = 16.0.31321.278
MinimumVisualStudioVersion = 10.0.40219.1
Project("{FAE04EC0-301F-11D3-BF4B-00C04F79EFBC}") = "RevitMVVM", "RevitMVVM\RevitMVVM.csproj", "{4FB4605D-F069-4681-8482-B63D0313325F}"
EndProject
Global
	GlobalSection(SolutionConfigurationPlatforms) = preSolution
		Debug|Any CPU = Debug|Any CPU
		Release|Any CPU = Release|Any CPU
	EndGlobalSection
	GlobalSection(ProjectConfigurationPlatforms) = postSolution
		{4FB4605D-F069-4681-8482-B63D0313325F}.Debug|Any CPU.ActiveCfg = Debug|Any CPU
		{4FB4605D-F069-4681-8482-B63D0313325F}.Debug|Any CPU.Build.0 = Debug|Any CPU
		{4FB4605D-F069-4681-8482-B63D0313325F}.Release|Any CPU.ActiveCfg = Release|Any CPU
		{4FB4605D-F069-4681-8482-B63D0313325F}.Release|Any CPU.Build.0 = Release|Any CPU
	EndGlobalSection
	GlobalSection(SolutionProperties) = preSolution
		HideSolutionNode = FALSE
	EndGlobalSection
	GlobalSection(ExtensibilityGlobals) = postSolution
		SolutionGuid = {F262555F-3FF7-474F-85EC-497A92018606}
	EndGlobalSection
EndGlobal
